
Microsoft Visual Studio Solution File, Format Version 12.00
Project("{FAE04EC0-301F-11D3-BF4B-00C04F79EFBC}") = "ReaperEmporiumExtract", "ReaperEmporiumExtract\ReaperEmporiumExtract.csproj", "{585EBA36-71D4-4785-8CAA-455F8A15FD8B}"
EndProject
Project("{FAE04EC0-301F-11D3-BF4B-00C04F79EFBC}") = "MagicalAstrogy.ReaperEmporium", "ReaperEmporiumTrans\MagicalAstrogy.ReaperEmporium.csproj", "{E8C8FC61-C130-4FC2-B453-34B52970FEAA}"
EndProject
Global
	GlobalSection(SolutionConfigurationPlatforms) = preSolution
		Debug|Any CPU = Debug|Any CPU
		Release|Any CPU = Release|Any CPU
	EndGlobalSection
	GlobalSection(ProjectConfigurationPlatforms) = postSolution
		{585EBA36-71D4-4785-8CAA-455F8A15FD8B}.Debug|Any CPU.ActiveCfg = Debug|Any CPU
		{585EBA36-71D4-4785-8CAA-455F8A15FD8B}.Debug|Any CPU.Build.0 = Debug|Any CPU
		{585EBA36-71D4-4785-8CAA-455F8A15FD8B}.Release|Any CPU.ActiveCfg = Release|Any CPU
		{585EBA36-71D4-4785-8CAA-455F8A15FD8B}.Release|Any CPU.Build.0 = Release|Any CPU
		{E8C8FC61-C130-4FC2-B453-34B52970FEAA}.Debug|Any CPU.ActiveCfg = Debug|Any CPU
		{E8C8FC61-C130-4FC2-B453-34B52970FEAA}.Debug|Any CPU.Build.0 = Debug|Any CPU
		{E8C8FC61-C130-4FC2-B453-34B52970FEAA}.Release|Any CPU.ActiveCfg = Release|Any CPU
		{E8C8FC61-C130-4FC2-B453-34B52970FEAA}.Release|Any CPU.Build.0 = Release|Any CPU
	EndGlobalSection
EndGlobal
